
Microsoft Visual Studio Solution File, Format Version 12.00
# Visual Studio Version 17
VisualStudioVersion = 17.0.31919.166
MinimumVisualStudioVersion = 10.0.40219.1
Project("{FAE04EC0-301F-11D3-BF4B-00C04F79EFBC}") = "Quiz-Assignment-1", "Quiz-Assignment-1\Quiz-Assignment-1.csproj", "{38416590-B737-417F-8976-8A004DA35F26}"
EndProject
Global
	GlobalSection(SolutionConfigurationPlatforms) = preSolution
		Debug|Any CPU = Debug|Any CPU
		Release|Any CPU = Release|Any CPU
	EndGlobalSection
	GlobalSection(ProjectConfigurationPlatforms) = postSolution
		{38416590-B737-417F-8976-8A004DA35F26}.Debug|Any CPU.ActiveCfg = Debug|Any CPU
		{38416590-B737-417F-8976-8A004DA35F26}.Debug|Any CPU.Build.0 = Debug|Any CPU
		{38416590-B737-417F-8976-8A004DA35F26}.Release|Any CPU.ActiveCfg = Release|Any CPU
		{38416590-B737-417F-8976-8A004DA35F26}.Release|Any CPU.Build.0 = Release|Any CPU
	EndGlobalSection
	GlobalSection(SolutionProperties) = preSolution
		HideSolutionNode = FALSE
	EndGlobalSection
	GlobalSection(ExtensibilityGlobals) = postSolution
		SolutionGuid = {C1388CB4-5494-4A8A-93E7-A7A05047D187}
	EndGlobalSection
EndGlobal
